
Microsoft Visual Studio Solution File, Format Version 12.00
# Visual Studio Version 16
VisualStudioVersion = 16.0.30413.136
MinimumVisualStudioVersion = 10.0.40219.1
Project("{9A19103F-16F7-4668-BE54-9A1E7A4F7556}") = "Fizzbuzz", "..\..\..\Participation\Fizzbuzz\Fizzbuzz.csproj", "{9A483A87-B0FD-441E-8350-148138660F1D}"
EndProject
Project("{9A19103F-16F7-4668-BE54-9A1E7A4F7556}") = "SumOf3", "..\..\..\Participation\SumOf3\SumOf3.csproj", "{06D16003-DEB4-4166-8F5F-CB8601E4006A}"
EndProject
Project("{FAE04EC0-301F-11D3-BF4B-00C04F79EFBC}") = "Collections_dictionary", "Collections_dictionary\Collections_dictionary.csproj", "{1B6D9FBE-888E-4C4F-A889-68B49F0D32B7}"
EndProject
Global
	GlobalSection(SolutionConfigurationPlatforms) = preSolution
		Debug|Any CPU = Debug|Any CPU
		Release|Any CPU = Release|Any CPU
	EndGlobalSection
	GlobalSection(ProjectConfigurationPlatforms) = postSolution
		{9A483A87-B0FD-441E-8350-148138660F1D}.Debug|Any CPU.ActiveCfg = Debug|Any CPU
		{9A483A87-B0FD-441E-8350-148138660F1D}.Debug|Any CPU.Build.0 = Debug|Any CPU
		{9A483A87-B0FD-441E-8350-148138660F1D}.Release|Any CPU.ActiveCfg = Release|Any CPU
		{9A483A87-B0FD-441E-8350-148138660F1D}.Release|Any CPU.Build.0 = Release|Any CPU
		{06D16003-DEB4-4166-8F5F-CB8601E4006A}.Debug|Any CPU.ActiveCfg = Debug|Any CPU
		{06D16003-DEB4-4166-8F5F-CB8601E4006A}.Debug|Any CPU.Build.0 = Debug|Any CPU
		{06D16003-DEB4-4166-8F5F-CB8601E4006A}.Release|Any CPU.ActiveCfg = Release|Any CPU
		{06D16003-DEB4-4166-8F5F-CB8601E4006A}.Release|Any CPU.Build.0 = Release|Any CPU
		{1B6D9FBE-888E-4C4F-A889-68B49F0D32B7}.Debug|Any CPU.ActiveCfg = Debug|Any CPU
		{1B6D9FBE-888E-4C4F-A889-68B49F0D32B7}.Debug|Any CPU.Build.0 = Debug|Any CPU
		{1B6D9FBE-888E-4C4F-A889-68B49F0D32B7}.Release|Any CPU.ActiveCfg = Release|Any CPU
		{1B6D9FBE-888E-4C4F-A889-68B49F0D32B7}.Release|Any CPU.Build.0 = Release|Any CPU
	EndGlobalSection
	GlobalSection(SolutionProperties) = preSolution
		HideSolutionNode = FALSE
	EndGlobalSection
	GlobalSection(ExtensibilityGlobals) = postSolution
		SolutionGuid = {23A09209-45AE-4E77-8CD7-3F8F20359922}
	EndGlobalSection
EndGlobal
