
Microsoft Visual Studio Solution File, Format Version 12.00
# Visual Studio Version 16
VisualStudioVersion = 16.0.30413.136
MinimumVisualStudioVersion = 10.0.40219.1
Project("{FAE04EC0-301F-11D3-BF4B-00C04F79EFBC}") = "Loops_GuessANumber", "Loops_GuessANumber\Loops_GuessANumber.csproj", "{A9C84ADE-82FE-4FAB-8B2F-5B1BBA870193}"
EndProject
Global
	GlobalSection(SolutionConfigurationPlatforms) = preSolution
		Debug|Any CPU = Debug|Any CPU
		Release|Any CPU = Release|Any CPU
	EndGlobalSection
	GlobalSection(ProjectConfigurationPlatforms) = postSolution
		{A9C84ADE-82FE-4FAB-8B2F-5B1BBA870193}.Debug|Any CPU.ActiveCfg = Debug|Any CPU
		{A9C84ADE-82FE-4FAB-8B2F-5B1BBA870193}.Debug|Any CPU.Build.0 = Debug|Any CPU
		{A9C84ADE-82FE-4FAB-8B2F-5B1BBA870193}.Release|Any CPU.ActiveCfg = Release|Any CPU
		{A9C84ADE-82FE-4FAB-8B2F-5B1BBA870193}.Release|Any CPU.Build.0 = Release|Any CPU
	EndGlobalSection
	GlobalSection(SolutionProperties) = preSolution
		HideSolutionNode = FALSE
	EndGlobalSection
	GlobalSection(ExtensibilityGlobals) = postSolution
		SolutionGuid = {7B2CFBE9-FF1C-4834-B5BD-14658916D0F8}
	EndGlobalSection
EndGlobal
