
Microsoft Visual Studio Solution File, Format Version 12.00
# Visual Studio Version 16
VisualStudioVersion = 16.0.30413.136
MinimumVisualStudioVersion = 10.0.40219.1
Project("{FAE04EC0-301F-11D3-BF4B-00C04F79EFBC}") = "RandomGuess", "RandomGuess\RandomGuess.csproj", "{BEEFB31D-B9B6-4CE7-AF99-27B327B61609}"
EndProject
Project("{FAE04EC0-301F-11D3-BF4B-00C04F79EFBC}") = "String manipulation", "String manipulation\String manipulation.csproj", "{1F7DB1D0-9487-41BB-ADF5-37635342D77C}"
EndProject
Project("{FAE04EC0-301F-11D3-BF4B-00C04F79EFBC}") = "Collectionsminmaxavg", "Collectionsminmaxavg\Collectionsminmaxavg.csproj", "{09E8B6FC-9004-4EDB-BC94-6DF0758F344A}"
EndProject
Project("{FAE04EC0-301F-11D3-BF4B-00C04F79EFBC}") = "CSVFileProcessing", "CSVFileProcessing\CSVFileProcessing.csproj", "{741EB6B1-7AE7-4107-B26A-BB60596B35B7}"
EndProject
Project("{FAE04EC0-301F-11D3-BF4B-00C04F79EFBC}") = "ProcessingaCSVfile-2", "ProcessingaCSVfile-2\ProcessingaCSVfile-2.csproj", "{7A09B985-904B-45AF-A82A-613700FEA572}"
EndProject
Project("{9A19103F-16F7-4668-BE54-9A1E7A4F7556}") = "Methods", "Methods\Methods.csproj", "{C07B5A30-8DAD-4A51-AE4E-10EE76D35624}"
EndProject
Project("{FAE04EC0-301F-11D3-BF4B-00C04F79EFBC}") = "Classes_Rectangle_Circle", "Classes_Rectangle_Circle\Classes_Rectangle_Circle.csproj", "{B25FE4E5-A4EF-493A-B0E2-79255FEF7949}"
EndProject
Global
	GlobalSection(SolutionConfigurationPlatforms) = preSolution
		Debug|Any CPU = Debug|Any CPU
		Release|Any CPU = Release|Any CPU
	EndGlobalSection
	GlobalSection(ProjectConfigurationPlatforms) = postSolution
		{BEEFB31D-B9B6-4CE7-AF99-27B327B61609}.Debug|Any CPU.ActiveCfg = Debug|Any CPU
		{BEEFB31D-B9B6-4CE7-AF99-27B327B61609}.Debug|Any CPU.Build.0 = Debug|Any CPU
		{BEEFB31D-B9B6-4CE7-AF99-27B327B61609}.Release|Any CPU.ActiveCfg = Release|Any CPU
		{BEEFB31D-B9B6-4CE7-AF99-27B327B61609}.Release|Any CPU.Build.0 = Release|Any CPU
		{1F7DB1D0-9487-41BB-ADF5-37635342D77C}.Debug|Any CPU.ActiveCfg = Debug|Any CPU
		{1F7DB1D0-9487-41BB-ADF5-37635342D77C}.Debug|Any CPU.Build.0 = Debug|Any CPU
		{1F7DB1D0-9487-41BB-ADF5-37635342D77C}.Release|Any CPU.ActiveCfg = Release|Any CPU
		{1F7DB1D0-9487-41BB-ADF5-37635342D77C}.Release|Any CPU.Build.0 = Release|Any CPU
		{09E8B6FC-9004-4EDB-BC94-6DF0758F344A}.Debug|Any CPU.ActiveCfg = Debug|Any CPU
		{09E8B6FC-9004-4EDB-BC94-6DF0758F344A}.Debug|Any CPU.Build.0 = Debug|Any CPU
		{09E8B6FC-9004-4EDB-BC94-6DF0758F344A}.Release|Any CPU.ActiveCfg = Release|Any CPU
		{09E8B6FC-9004-4EDB-BC94-6DF0758F344A}.Release|Any CPU.Build.0 = Release|Any CPU
		{741EB6B1-7AE7-4107-B26A-BB60596B35B7}.Debug|Any CPU.ActiveCfg = Debug|Any CPU
		{741EB6B1-7AE7-4107-B26A-BB60596B35B7}.Debug|Any CPU.Build.0 = Debug|Any CPU
		{741EB6B1-7AE7-4107-B26A-BB60596B35B7}.Release|Any CPU.ActiveCfg = Release|Any CPU
		{741EB6B1-7AE7-4107-B26A-BB60596B35B7}.Release|Any CPU.Build.0 = Release|Any CPU
		{7A09B985-904B-45AF-A82A-613700FEA572}.Debug|Any CPU.ActiveCfg = Debug|Any CPU
		{7A09B985-904B-45AF-A82A-613700FEA572}.Debug|Any CPU.Build.0 = Debug|Any CPU
		{7A09B985-904B-45AF-A82A-613700FEA572}.Release|Any CPU.ActiveCfg = Release|Any CPU
		{7A09B985-904B-45AF-A82A-613700FEA572}.Release|Any CPU.Build.0 = Release|Any CPU
		{C07B5A30-8DAD-4A51-AE4E-10EE76D35624}.Debug|Any CPU.ActiveCfg = Debug|Any CPU
		{C07B5A30-8DAD-4A51-AE4E-10EE76D35624}.Debug|Any CPU.Build.0 = Debug|Any CPU
		{C07B5A30-8DAD-4A51-AE4E-10EE76D35624}.Release|Any CPU.ActiveCfg = Release|Any CPU
		{C07B5A30-8DAD-4A51-AE4E-10EE76D35624}.Release|Any CPU.Build.0 = Release|Any CPU
		{B25FE4E5-A4EF-493A-B0E2-79255FEF7949}.Debug|Any CPU.ActiveCfg = Debug|Any CPU
		{B25FE4E5-A4EF-493A-B0E2-79255FEF7949}.Debug|Any CPU.Build.0 = Debug|Any CPU
		{B25FE4E5-A4EF-493A-B0E2-79255FEF7949}.Release|Any CPU.ActiveCfg = Release|Any CPU
		{B25FE4E5-A4EF-493A-B0E2-79255FEF7949}.Release|Any CPU.Build.0 = Release|Any CPU
	EndGlobalSection
	GlobalSection(SolutionProperties) = preSolution
		HideSolutionNode = FALSE
	EndGlobalSection
	GlobalSection(ExtensibilityGlobals) = postSolution
		SolutionGuid = {3AB24104-F075-4D94-9B4B-02FA11D27292}
	EndGlobalSection
EndGlobal
